// !$*UTF8*$!
{
	archiveVersion = 1;
	classes = {
	};
	objectVersion = 56;
	objects = {

/* Begin PBXBuildFile section */
		ABC196622ADF606B00318489 /* ChipilApp.swift in Sources */ = {isa = PBXBuildFile; fileRef = ABC196612ADF606B00318489 /* ChipilApp.swift */; };
		ABC196642ADF606B00318489 /* ContentView.swift in Sources */ = {isa = PBXBuildFile; fileRef = ABC196632ADF606B00318489 /* ContentView.swift */; };
		ABC196662ADF606C00318489 /* Assets.xcassets in Resources */ = {isa = PBXBuildFile; fileRef = ABC196652ADF606C00318489 /* Assets.xcassets */; };
		ABC196692ADF606C00318489 /* Preview Assets.xcassets in Resources */ = {isa = PBXBuildFile; fileRef = ABC196682ADF606C00318489 /* Preview Assets.xcassets */; };
		ABC196732ADF606C00318489 /* ChipilTests.swift in Sources */ = {isa = PBXBuildFile; fileRef = ABC196722ADF606C00318489 /* ChipilTests.swift */; };
		ABC1967D2ADF606C00318489 /* ChipilUITests.swift in Sources */ = {isa = PBXBuildFile; fileRef = ABC1967C2ADF606C00318489 /* ChipilUITests.swift */; };
		ABC1967F2ADF606C00318489 /* ChipilUITestsLaunchTests.swift in Sources */ = {isa = PBXBuildFile; fileRef = ABC1967E2ADF606C00318489 /* ChipilUITestsLaunchTests.swift */; };
/* End PBXBuildFile section */

/* Begin PBXContainerItemProxy section */
		ABC1966F2ADF606C00318489 /* PBXContainerItemProxy */ = {
			isa = PBXContainerItemProxy;
			containerPortal = ABC196562ADF606B00318489 /* Project object */;
			proxyType = 1;
			remoteGlobalIDString = ABC1965D2ADF606B00318489;
			remoteInfo = Chipil;
		};
		ABC196792ADF606C00318489 /* PBXContainerItemProxy */ = {
			isa = PBXContainerItemProxy;
			containerPortal = ABC196562ADF606B00318489 /* Project object */;
			proxyType = 1;
			remoteGlobalIDString = ABC1965D2ADF606B00318489;
			remoteInfo = Chipil;
		};
/* End PBXContainerItemProxy section */

/* Begin PBXFileReference section */
		ABC1965E2ADF606B00318489 /* Chipil.app */ = {isa = PBXFileReference; explicitFileType = wrapper.application; includeInIndex = 0; path = Chipil.app; sourceTree = BUILT_PRODUCTS_DIR; };
		ABC196612ADF606B00318489 /* ChipilApp.swift */ = {isa = PBXFileReference; lastKnownFileType = sourcecode.swift; path = ChipilApp.swift; sourceTree = "<group>"; };
		ABC196632ADF606B00318489 /* ContentView.swift */ = {isa = PBXFileReference; lastKnownFileType = sourcecode.swift; path = ContentView.swift; sourceTree = "<group>"; };
		ABC196652ADF606C00318489 /* Assets.xcassets */ = {isa = PBXFileReference; lastKnownFileType = folder.assetcatalog; path = Assets.xcassets; sourceTree = "<group>"; };
		ABC196682ADF606C00318489 /* Preview Assets.xcassets */ = {isa = PBXFileReference; lastKnownFileType = folder.assetcatalog; path = "Preview Assets.xcassets"; sourceTree = "<group>"; };
		ABC1966E2ADF606C00318489 /* ChipilTests.xctest */ = {isa = PBXFileReference; explicitFileType = wrapper.cfbundle; includeInIndex = 0; path = ChipilTests.xctest; sourceTree = BUILT_PRODUCTS_DIR; };
		ABC196722ADF606C00318489 /* ChipilTests.swift */ = {isa = PBXFileReference; lastKnownFileType = sourcecode.swift; path = ChipilTests.swift; sourceTree = "<group>"; };
		ABC196782ADF606C00318489 /* ChipilUITests.xctest */ = {isa = PBXFileReference; explicitFileType = wrapper.cfbundle; includeInIndex = 0; path = ChipilUITests.xctest; sourceTree = BUILT_PRODUCTS_DIR; };
		ABC1967C2ADF606C00318489 /* ChipilUITests.swift */ = {isa = PBXFileReference; lastKnownFileType = sourcecode.swift; path = ChipilUITests.swift; sourceTree = "<group>"; };
		ABC1967E2ADF606C00318489 /* ChipilUITestsLaunchTests.swift */ = {isa = PBXFileReference; lastKnownFileType = sourcecode.swift; path = ChipilUITestsLaunchTests.swift; sourceTree = "<group>"; };
/* End PBXFileReference section */

/* Begin PBXFrameworksBuildPhase section */
		ABC1965B2ADF606B00318489 /* Frameworks */ = {
			isa = PBXFrameworksBuildPhase;
			buildActionMask = 2147483647;
			files = (
			);
			runOnlyForDeploymentPostprocessing = 0;
		};
		ABC1966B2ADF606C00318489 /* Frameworks */ = {
			isa = PBXFrameworksBuildPhase;
			buildActionMask = 2147483647;
			files = (
			);
			runOnlyForDeploymentPostprocessing = 0;
		};
		ABC196752ADF606C00318489 /* Frameworks */ = {
			isa = PBXFrameworksBuildPhase;
			buildActionMask = 2147483647;
			files = (
			);
			runOnlyForDeploymentPostprocessing = 0;
		};
/* End PBXFrameworksBuildPhase section */

/* Begin PBXGroup section */
		ABC196552ADF606B00318489 = {
			isa = PBXGroup;
			children = (
				ABC196602ADF606B00318489 /* Chipil */,
				ABC196712ADF606C00318489 /* ChipilTests */,
				ABC1967B2ADF606C00318489 /* ChipilUITests */,
				ABC1965F2ADF606B00318489 /* Products */,
			);
			sourceTree = "<group>";
		};
		ABC1965F2ADF606B00318489 /* Products */ = {
			isa = PBXGroup;
			children = (
				ABC1965E2ADF606B00318489 /* Chipil.app */,
				ABC1966E2ADF606C00318489 /* ChipilTests.xctest */,
				ABC196782ADF606C00318489 /* ChipilUITests.xctest */,
			);
			name = Products;
			sourceTree = "<group>";
		};
		ABC196602ADF606B00318489 /* Chipil */ = {
			isa = PBXGroup;
			children = (
				ABC196612ADF606B00318489 /* ChipilApp.swift */,
				ABC196632ADF606B00318489 /* ContentView.swift */,
				ABC196652ADF606C00318489 /* Assets.xcassets */,
				ABC196672ADF606C00318489 /* Preview Content */,
			);
			path = Chipil;
			sourceTree = "<group>";
		};
		ABC196672ADF606C00318489 /* Preview Content */ = {
			isa = PBXGroup;
			children = (
				ABC196682ADF606C00318489 /* Preview Assets.xcassets */,
			);
			path = "Preview Content";
			sourceTree = "<group>";
		};
		ABC196712ADF606C00318489 /* ChipilTests */ = {
			isa = PBXGroup;
			children = (
				ABC196722ADF606C00318489 /* ChipilTests.swift */,
			);
			path = ChipilTests;
			sourceTree = "<group>";
		};
		ABC1967B2ADF606C00318489 /* ChipilUITests */ = {
			isa = PBXGroup;
			children = (
				ABC1967C2ADF606C00318489 /* ChipilUITests.swift */,
				ABC1967E2ADF606C00318489 /* ChipilUITestsLaunchTests.swift */,
			);
			path = ChipilUITests;
			sourceTree = "<group>";
		};
/* End PBXGroup section */

/* Begin PBXNativeTarget section */
		ABC1965D2ADF606B00318489 /* Chipil */ = {
			isa = PBXNativeTarget;
			buildConfigurationList = ABC196822ADF606C00318489 /* Build configuration list for PBXNativeTarget "Chipil" */;
			buildPhases = (
				ABC1965A2ADF606B00318489 /* Sources */,
				ABC1965B2ADF606B00318489 /* Frameworks */,
				ABC1965C2ADF606B00318489 /* Resources */,
			);
			buildRules = (
			);
			dependencies = (
			);
			name = Chipil;
			productName = Chipil;
			productReference = ABC1965E2ADF606B00318489 /* Chipil.app */;
			productType = "com.apple.product-type.application";
		};
		ABC1966D2ADF606C00318489 /* ChipilTests */ = {
			isa = PBXNativeTarget;
			buildConfigurationList = ABC196852ADF606C00318489 /* Build configuration list for PBXNativeTarget "ChipilTests" */;
			buildPhases = (
				ABC1966A2ADF606C00318489 /* Sources */,
				ABC1966B2ADF606C00318489 /* Frameworks */,
				ABC1966C2ADF606C00318489 /* Resources */,
			);
			buildRules = (
			);
			dependencies = (
				ABC196702ADF606C00318489 /* PBXTargetDependency */,
			);
			name = ChipilTests;
			productName = ChipilTests;
			productReference = ABC1966E2ADF606C00318489 /* ChipilTests.xctest */;
			productType = "com.apple.product-type.bundle.unit-test";
		};
		ABC196772ADF606C00318489 /* ChipilUITests */ = {
			isa = PBXNativeTarget;
			buildConfigurationList = ABC196882ADF606C00318489 /* Build configuration list for PBXNativeTarget "ChipilUITests" */;
			buildPhases = (
				ABC196742ADF606C00318489 /* Sources */,
				ABC196752ADF606C00318489 /* Frameworks */,
				ABC196762ADF606C00318489 /* Resources */,
			);
			buildRules = (
			);
			dependencies = (
				ABC1967A2ADF606C00318489 /* PBXTargetDependency */,
			);
			name = ChipilUITests;
			productName = ChipilUITests;
			productReference = ABC196782ADF606C00318489 /* ChipilUITests.xctest */;
			productType = "com.apple.product-type.bundle.ui-testing";
		};
/* End PBXNativeTarget section */

/* Begin PBXProject section */
		ABC196562ADF606B00318489 /* Project object */ = {
			isa = PBXProject;
			attributes = {
				BuildIndependentTargetsInParallel = 1;
				LastSwiftUpdateCheck = 1500;
				LastUpgradeCheck = 1500;
				TargetAttributes = {
					ABC1965D2ADF606B00318489 = {
						CreatedOnToolsVersion = 15.0;
					};
					ABC1966D2ADF606C00318489 = {
						CreatedOnToolsVersion = 15.0;
						TestTargetID = ABC1965D2ADF606B00318489;
					};
					ABC196772ADF606C00318489 = {
						CreatedOnToolsVersion = 15.0;
						TestTargetID = ABC1965D2ADF606B00318489;
					};
				};
			};
			buildConfigurationList = ABC196592ADF606B00318489 /* Build configuration list for PBXProject "Chipil" */;
			compatibilityVersion = "Xcode 14.0";
			developmentRegion = en;
			hasScannedForEncodings = 0;
			knownRegions = (
				en,
				Base,
			);
			mainGroup = ABC196552ADF606B00318489;
			productRefGroup = ABC1965F2ADF606B00318489 /* Products */;
			projectDirPath = "";
			projectRoot = "";
			targets = (
				ABC1965D2ADF606B00318489 /* Chipil */,
				ABC1966D2ADF606C00318489 /* ChipilTests */,
				ABC196772ADF606C00318489 /* ChipilUITests */,
			);
		};
/* End PBXProject section */

/* Begin PBXResourcesBuildPhase section */
		ABC1965C2ADF606B00318489 /* Resources */ = {
			isa = PBXResourcesBuildPhase;
			buildActionMask = 2147483647;
			files = (
				ABC196692ADF606C00318489 /* Preview Assets.xcassets in Resources */,
				ABC196662ADF606C00318489 /* Assets.xcassets in Resources */,
			);
			runOnlyForDeploymentPostprocessing = 0;
		};
		ABC1966C2ADF606C00318489 /* Resources */ = {
			isa = PBXResourcesBuildPhase;
			buildActionMask = 2147483647;
			files = (
			);
			runOnlyForDeploymentPostprocessing = 0;
		};
		ABC196762ADF606C00318489 /* Resources */ = {
			isa = PBXResourcesBuildPhase;
			buildActionMask = 2147483647;
			files = (
			);
			runOnlyForDeploymentPostprocessing = 0;
		};
/* End PBXResourcesBuildPhase section */

/* Begin PBXSourcesBuildPhase section */
		ABC1965A2ADF606B00318489 /* Sources */ = {
			isa = PBXSourcesBuildPhase;
			buildActionMask = 2147483647;
			files = (
				ABC196642ADF606B00318489 /* ContentView.swift in Sources */,
				ABC196622ADF606B00318489 /* ChipilApp.swift in Sources */,
			);
			runOnlyForDeploymentPostprocessing = 0;
		};
		ABC1966A2ADF606C00318489 /* Sources */ = {
			isa = PBXSourcesBuildPhase;
			buildActionMask = 2147483647;
			files = (
				ABC196732ADF606C00318489 /* ChipilTests.swift in Sources */,
			);
			runOnlyForDeploymentPostprocessing = 0;
		};
		ABC196742ADF606C00318489 /* Sources */ = {
			isa = PBXSourcesBuildPhase;
			buildActionMask = 2147483647;
			files = (
				ABC1967D2ADF606C00318489 /* ChipilUITests.swift in Sources */,
				ABC1967F2ADF606C00318489 /* ChipilUITestsLaunchTests.swift in Sources */,
			);
			runOnlyForDeploymentPostprocessing = 0;
		};
/* End PBXSourcesBuildPhase section */

/* Begin PBXTargetDependency section */
		ABC196702ADF606C00318489 /* PBXTargetDependency */ = {
			isa = PBXTargetDependency;
			target = ABC1965D2ADF606B00318489 /* Chipil */;
			targetProxy = ABC1966F2ADF606C00318489 /* PBXContainerItemProxy */;
		};
		ABC1967A2ADF606C00318489 /* PBXTargetDependency */ = {
			isa = PBXTargetDependency;
			target = ABC1965D2ADF606B00318489 /* Chipil */;
			targetProxy = ABC196792ADF606C00318489 /* PBXContainerItemProxy */;
		};
/* End PBXTargetDependency section */

/* Begin XCBuildConfiguration section */
		ABC196802ADF606C00318489 /* Debug */ = {
			isa = XCBuildConfiguration;
			buildSettings = {
				ALWAYS_SEARCH_USER_PATHS = NO;
				ASSETCATALOG_COMPILER_GENERATE_SWIFT_ASSET_SYMBOL_EXTENSIONS = YES;
				CLANG_ANALYZER_NONNULL = YES;
				CLANG_ANALYZER_NUMBER_OBJECT_CONVERSION = YES_AGGRESSIVE;
				CLANG_CXX_LANGUAGE_STANDARD = "gnu++20";
				CLANG_ENABLE_MODULES = YES;
				CLANG_ENABLE_OBJC_ARC = YES;
				CLANG_ENABLE_OBJC_WEAK = YES;
				CLANG_WARN_BLOCK_CAPTURE_AUTORELEASING = YES;
				CLANG_WARN_BOOL_CONVERSION = YES;
				CLANG_WARN_COMMA = YES;
				CLANG_WARN_CONSTANT_CONVERSION = YES;
				CLANG_WARN_DEPRECATED_OBJC_IMPLEMENTATIONS = YES;
				CLANG_WARN_DIRECT_OBJC_ISA_USAGE = YES_ERROR;
				CLANG_WARN_DOCUMENTATION_COMMENTS = YES;
				CLANG_WARN_EMPTY_BODY = YES;
				CLANG_WARN_ENUM_CONVERSION = YES;
				CLANG_WARN_INFINITE_RECURSION = YES;
				CLANG_WARN_INT_CONVERSION = YES;
				CLANG_WARN_NON_LITERAL_NULL_CONVERSION = YES;
				CLANG_WARN_OBJC_IMPLICIT_RETAIN_SELF = YES;
				CLANG_WARN_OBJC_LITERAL_CONVERSION = YES;
				CLANG_WARN_OBJC_ROOT_CLASS = YES_ERROR;
				CLANG_WARN_QUOTED_INCLUDE_IN_FRAMEWORK_HEADER = YES;
				CLANG_WARN_RANGE_LOOP_ANALYSIS = YES;
				CLANG_WARN_STRICT_PROTOTYPES = YES;
				CLANG_WARN_SUSPICIOUS_MOVE = YES;
				CLANG_WARN_UNGUARDED_AVAILABILITY = YES_AGGRESSIVE;
				CLANG_WARN_UNREACHABLE_CODE = YES;
				CLANG_WARN__DUPLICATE_METHOD_MATCH = YES;
				COPY_PHASE_STRIP = NO;
				DEBUG_INFORMATION_FORMAT = dwarf;
				ENABLE_STRICT_OBJC_MSGSEND = YES;
				ENABLE_TESTABILITY = YES;
				ENABLE_USER_SCRIPT_SANDBOXING = YES;
				GCC_C_LANGUAGE_STANDARD = gnu17;
				GCC_DYNAMIC_NO_PIC = NO;
				GCC_NO_COMMON_BLOCKS = YES;
				GCC_OPTIMIZATION_LEVEL = 0;
				GCC_PREPROCESSOR_DEFINITIONS = (
					"DEBUG=1",
					"$(inherited)",
				);
				GCC_WARN_64_TO_32_BIT_CONVERSION = YES;
				GCC_WARN_ABOUT_RETURN_TYPE = YES_ERROR;
				GCC_WARN_UNDECLARED_SELECTOR = YES;
				GCC_WARN_UNINITIALIZED_AUTOS = YES_AGGRESSIVE;
				GCC_WARN_UNUSED_FUNCTION = YES;
				GCC_WARN_UNUSED_VARIABLE = YES;
				IPHONEOS_DEPLOYMENT_TARGET = 17.0;
				LOCALIZATION_PREFERS_STRING_CATALOGS = YES;
				MTL_ENABLE_DEBUG_INFO = INCLUDE_SOURCE;
				MTL_FAST_MATH = YES;
				ONLY_ACTIVE_ARCH = YES;
				SDKROOT = iphoneos;
				SWIFT_ACTIVE_COMPILATION_CONDITIONS = "DEBUG $(inherited)";
				SWIFT_OPTIMIZATION_LEVEL = "-Onone";
			};
			name = Debug;
		};
		ABC196812ADF606C00318489 /* Release */ = {
			isa = XCBuildConfiguration;
			buildSettings = {
				ALWAYS_SEARCH_USER_PATHS = NO;
				ASSETCATALOG_COMPILER_GENERATE_SWIFT_ASSET_SYMBOL_EXTENSIONS = YES;
				CLANG_ANALYZER_NONNULL = YES;
				CLANG_ANALYZER_NUMBER_OBJECT_CONVERSION = YES_AGGRESSIVE;
				CLANG_CXX_LANGUAGE_STANDARD = "gnu++20";
				CLANG_ENABLE_MODULES = YES;
				CLANG_ENABLE_OBJC_ARC = YES;
				CLANG_ENABLE_OBJC_WEAK = YES;
				CLANG_WARN_BLOCK_CAPTURE_AUTORELEASING = YES;
				CLANG_WARN_BOOL_CONVERSION = YES;
				CLANG_WARN_COMMA = YES;
				CLANG_WARN_CONSTANT_CONVERSION = YES;
				CLANG_WARN_DEPRECATED_OBJC_IMPLEMENTATIONS = YES;
				CLANG_WARN_DIRECT_OBJC_ISA_USAGE = YES_ERROR;
				CLANG_WARN_DOCUMENTATION_COMMENTS = YES;
				CLANG_WARN_EMPTY_BODY = YES;
				CLANG_WARN_ENUM_CONVERSION = YES;
				CLANG_WARN_INFINITE_RECURSION = YES;
				CLANG_WARN_INT_CONVERSION = YES;
				CLANG_WARN_NON_LITERAL_NULL_CONVERSION = YES;
				CLANG_WARN_OBJC_IMPLICIT_RETAIN_SELF = YES;
				CLANG_WARN_OBJC_LITERAL_CONVERSION = YES;
				CLANG_WARN_OBJC_ROOT_CLASS = YES_ERROR;
				CLANG_WARN_QUOTED_INCLUDE_IN_FRAMEWORK_HEADER = YES;
				CLANG_WARN_RANGE_LOOP_ANALYSIS = YES;
				CLANG_WARN_STRICT_PROTOTYPES = YES;
				CLANG_WARN_SUSPICIOUS_MOVE = YES;
				CLANG_WARN_UNGUARDED_AVAILABILITY = YES_AGGRESSIVE;
				CLANG_WARN_UNREACHABLE_CODE = YES;
				CLANG_WARN__DUPLICATE_METHOD_MATCH = YES;
				COPY_PHASE_STRIP = NO;
				DEBUG_INFORMATION_FORMAT = "dwarf-with-dsym";
				ENABLE_NS_ASSERTIONS = NO;
				ENABLE_STRICT_OBJC_MSGSEND = YES;
				ENABLE_USER_SCRIPT_SANDBOXING = YES;
				GCC_C_LANGUAGE_STANDARD = gnu17;
				GCC_NO_COMMON_BLOCKS = YES;
				GCC_WARN_64_TO_32_BIT_CONVERSION = YES;
				GCC_WARN_ABOUT_RETURN_TYPE = YES_ERROR;
				GCC_WARN_UNDECLARED_SELECTOR = YES;
				GCC_WARN_UNINITIALIZED_AUTOS = YES_AGGRESSIVE;
				GCC_WARN_UNUSED_FUNCTION = YES;
				GCC_WARN_UNUSED_VARIABLE = YES;
				IPHONEOS_DEPLOYMENT_TARGET = 17.0;
				LOCALIZATION_PREFERS_STRING_CATALOGS = YES;
				MTL_ENABLE_DEBUG_INFO = NO;
				MTL_FAST_MATH = YES;
				SDKROOT = iphoneos;
				SWIFT_COMPILATION_MODE = wholemodule;
				VALIDATE_PRODUCT = YES;
			};
			name = Release;
		};
		ABC196832ADF606C00318489 /* Debug */ = {
			isa = XCBuildConfiguration;
			buildSettings = {
				ASSETCATALOG_COMPILER_APPICON_NAME = AppIcon;
				ASSETCATALOG_COMPILER_GLOBAL_ACCENT_COLOR_NAME = AccentColor;
				CODE_SIGN_STYLE = Automatic;
				CURRENT_PROJECT_VERSION = 1;
				DEVELOPMENT_ASSET_PATHS = "\"Chipil/Preview Content\"";
				ENABLE_PREVIEWS = YES;
				GENERATE_INFOPLIST_FILE = YES;
				INFOPLIST_KEY_UIApplicationSceneManifest_Generation = YES;
				INFOPLIST_KEY_UIApplicationSupportsIndirectInputEvents = YES;
				INFOPLIST_KEY_UILaunchScreen_Generation = YES;
				INFOPLIST_KEY_UISupportedInterfaceOrientations_iPad = "UIInterfaceOrientationPortrait UIInterfaceOrientationPortraitUpsideDown UIInterfaceOrientationLandscapeLeft UIInterfaceOrientationLandscapeRight";
				INFOPLIST_KEY_UISupportedInterfaceOrientations_iPhone = "UIInterfaceOrientationPortrait UIInterfaceOrientationLandscapeLeft UIInterfaceOrientationLandscapeRight";
				LD_RUNPATH_SEARCH_PATHS = (
					"$(inherited)",
					"@executable_path/Frameworks",
				);
				MARKETING_VERSION = 1.0;
				PRODUCT_BUNDLE_IDENTIFIER = com.unam.Chipil;
				PRODUCT_NAME = "$(TARGET_NAME)";
				SWIFT_EMIT_LOC_STRINGS = YES;
				SWIFT_VERSION = 5.0;
				TARGETED_DEVICE_FAMILY = "1,2";
			};
			name = Debug;
		};
		ABC196842ADF606C00318489 /* Release */ = {
			isa = XCBuildConfiguration;
			buildSettings = {
				ASSETCATALOG_COMPILER_APPICON_NAME = AppIcon;
				ASSETCATALOG_COMPILER_GLOBAL_ACCENT_COLOR_NAME = AccentColor;
				CODE_SIGN_STYLE = Automatic;
				CURRENT_PROJECT_VERSION = 1;
				DEVELOPMENT_ASSET_PATHS = "\"Chipil/Preview Content\"";
				ENABLE_PREVIEWS = YES;
				GENERATE_INFOPLIST_FILE = YES;
				INFOPLIST_KEY_UIApplicationSceneManifest_Generation = YES;
				INFOPLIST_KEY_UIApplicationSupportsIndirectInputEvents = YES;
				INFOPLIST_KEY_UILaunchScreen_Generation = YES;
				INFOPLIST_KEY_UISupportedInterfaceOrientations_iPad = "UIInterfaceOrientationPortrait UIInterfaceOrientationPortraitUpsideDown UIInterfaceOrientationLandscapeLeft UIInterfaceOrientationLandscapeRight";
				INFOPLIST_KEY_UISupportedInterfaceOrientations_iPhone = "UIInterfaceOrientationPortrait UIInterfaceOrientationLandscapeLeft UIInterfaceOrientationLandscapeRight";
				LD_RUNPATH_SEARCH_PATHS = (
					"$(inherited)",
					"@executable_path/Frameworks",
				);
				MARKETING_VERSION = 1.0;
				PRODUCT_BUNDLE_IDENTIFIER = com.unam.Chipil;
				PRODUCT_NAME = "$(TARGET_NAME)";
				SWIFT_EMIT_LOC_STRINGS = YES;
				SWIFT_VERSION = 5.0;
				TARGETED_DEVICE_FAMILY = "1,2";
			};
			name = Release;
		};
		ABC196862ADF606C00318489 /* Debug */ = {
			isa = XCBuildConfiguration;
			buildSettings = {
				ALWAYS_EMBED_SWIFT_STANDARD_LIBRARIES = YES;
				BUNDLE_LOADER = "$(TEST_HOST)";
				CODE_SIGN_STYLE = Automatic;
				CURRENT_PROJECT_VERSION = 1;
				GENERATE_INFOPLIST_FILE = YES;
				IPHONEOS_DEPLOYMENT_TARGET = 17.0;
				MARKETING_VERSION = 1.0;
				PRODUCT_BUNDLE_IDENTIFIER = com.unam.ChipilTests;
				PRODUCT_NAME = "$(TARGET_NAME)";
				SWIFT_EMIT_LOC_STRINGS = NO;
				SWIFT_VERSION = 5.0;
				TARGETED_DEVICE_FAMILY = "1,2";
				TEST_HOST = "$(BUILT_PRODUCTS_DIR)/Chipil.app/$(BUNDLE_EXECUTABLE_FOLDER_PATH)/Chipil";
			};
			name = Debug;
		};
		ABC196872ADF606C00318489 /* Release */ = {
			isa = XCBuildConfiguration;
			buildSettings = {
				ALWAYS_EMBED_SWIFT_STANDARD_LIBRARIES = YES;
				BUNDLE_LOADER = "$(TEST_HOST)";
				CODE_SIGN_STYLE = Automatic;
				CURRENT_PROJECT_VERSION = 1;
				GENERATE_INFOPLIST_FILE = YES;
				IPHONEOS_DEPLOYMENT_TARGET = 17.0;
				MARKETING_VERSION = 1.0;
				PRODUCT_BUNDLE_IDENTIFIER = com.unam.ChipilTests;
				PRODUCT_NAME = "$(TARGET_NAME)";
				SWIFT_EMIT_LOC_STRINGS = NO;
				SWIFT_VERSION = 5.0;
				TARGETED_DEVICE_FAMILY = "1,2";
				TEST_HOST = "$(BUILT_PRODUCTS_DIR)/Chipil.app/$(BUNDLE_EXECUTABLE_FOLDER_PATH)/Chipil";
			};
			name = Release;
		};
		ABC196892ADF606C00318489 /* Debug */ = {
			isa = XCBuildConfiguration;
			buildSettings = {
				ALWAYS_EMBED_SWIFT_STANDARD_LIBRARIES = YES;
				CODE_SIGN_STYLE = Automatic;
				CURRENT_PROJECT_VERSION = 1;
				GENERATE_INFOPLIST_FILE = YES;
				MARKETING_VERSION = 1.0;
				PRODUCT_BUNDLE_IDENTIFIER = com.unam.ChipilUITests;
				PRODUCT_NAME = "$(TARGET_NAME)";
				SWIFT_EMIT_LOC_STRINGS = NO;
				SWIFT_VERSION = 5.0;
				TARGETED_DEVICE_FAMILY = "1,2";
				TEST_TARGET_NAME = Chipil;
			};
			name = Debug;
		};
		ABC1968A2ADF606C00318489 /* Release */ = {
			isa = XCBuildConfiguration;
			buildSettings = {
				ALWAYS_EMBED_SWIFT_STANDARD_LIBRARIES = YES;
				CODE_SIGN_STYLE = Automatic;
				CURRENT_PROJECT_VERSION = 1;
				GENERATE_INFOPLIST_FILE = YES;
				MARKETING_VERSION = 1.0;
				PRODUCT_BUNDLE_IDENTIFIER = com.unam.ChipilUITests;
				PRODUCT_NAME = "$(TARGET_NAME)";
				SWIFT_EMIT_LOC_STRINGS = NO;
				SWIFT_VERSION = 5.0;
				TARGETED_DEVICE_FAMILY = "1,2";
				TEST_TARGET_NAME = Chipil;
			};
			name = Release;
		};
/* End XCBuildConfiguration section */

/* Begin XCConfigurationList section */
		ABC196592ADF606B00318489 /* Build configuration list for PBXProject "Chipil" */ = {
			isa = XCConfigurationList;
			buildConfigurations = (
				ABC196802ADF606C00318489 /* Debug */,
				ABC196812ADF606C00318489 /* Release */,
			);
			defaultConfigurationIsVisible = 0;
			defaultConfigurationName = Release;
		};
		ABC196822ADF606C00318489 /* Build configuration list for PBXNativeTarget "Chipil" */ = {
			isa = XCConfigurationList;
			buildConfigurations = (
				ABC196832ADF606C00318489 /* Debug */,
				ABC196842ADF606C00318489 /* Release */,
			);
			defaultConfigurationIsVisible = 0;
			defaultConfigurationName = Release;
		};
		ABC196852ADF606C00318489 /* Build configuration list for PBXNativeTarget "ChipilTests" */ = {
			isa = XCConfigurationList;
			buildConfigurations = (
				ABC196862ADF606C00318489 /* Debug */,
				ABC196872ADF606C00318489 /* Release */,
			);
			defaultConfigurationIsVisible = 0;
			defaultConfigurationName = Release;
		};
		ABC196882ADF606C00318489 /* Build configuration list for PBXNativeTarget "ChipilUITests" */ = {
			isa = XCConfigurationList;
			buildConfigurations = (
				ABC196892ADF606C00318489 /* Debug */,
				ABC1968A2ADF606C00318489 /* Release */,
			);
			defaultConfigurationIsVisible = 0;
			defaultConfigurationName = Release;
		};
/* End XCConfigurationList section */
	};
	rootObject = ABC196562ADF606B00318489 /* Project object */;
}
